
Microsoft Visual Studio Solution File, Format Version 12.00
# Visual Studio 15
VisualStudioVersion = 15.0.28010.2048
MinimumVisualStudioVersion = 10.0.40219.1
Project("{FAE04EC0-301F-11D3-BF4B-00C04F79EFBC}") = "Genisis", "Genisis\Genisis.csproj", "{CD191676-F733-4E4F-88A0-726A9B86736B}"
EndProject
Global
	GlobalSection(SolutionConfigurationPlatforms) = preSolution
		Debug|Any CPU = Debug|Any CPU
		Release|Any CPU = Release|Any CPU
	EndGlobalSection
	GlobalSection(ProjectConfigurationPlatforms) = postSolution
		{CD191676-F733-4E4F-88A0-726A9B86736B}.Debug|Any CPU.ActiveCfg = Debug|Any CPU
		{CD191676-F733-4E4F-88A0-726A9B86736B}.Debug|Any CPU.Build.0 = Debug|Any CPU
		{CD191676-F733-4E4F-88A0-726A9B86736B}.Release|Any CPU.ActiveCfg = Release|Any CPU
		{CD191676-F733-4E4F-88A0-726A9B86736B}.Release|Any CPU.Build.0 = Release|Any CPU
	EndGlobalSection
	GlobalSection(SolutionProperties) = preSolution
		HideSolutionNode = FALSE
	EndGlobalSection
	GlobalSection(ExtensibilityGlobals) = postSolution
		SolutionGuid = {16812FD5-C2C8-49FD-A05F-D51CE3957875}
	EndGlobalSection
EndGlobal
